
Microsoft Visual Studio Solution File, Format Version 12.00
Project("{FAE04EC0-301F-11D3-BF4B-00C04F79EFBC}") = "Ghas", "Ghas\Ghas.csproj", "{258E2753-AA66-4027-8C78-E7A8E76D3685}"
EndProject
Project("{2150E333-8FDC-42A3-9474-1A3956D46DE8}") = "SolutionFolder", "SolutionFolder", "{40209D32-EF19-44FB-A2AD-DC757F034A1C}"
	ProjectSection(SolutionItems) = preProject
		.dockerignore = .dockerignore
		.gitignore = .gitignore
		LICENSE = LICENSE
		Readme.md = Readme.md
		
	EndProjectSection
EndProject
Global
	GlobalSection(SolutionConfigurationPlatforms) = preSolution
		Debug|Any CPU = Debug|Any CPU
		Release|Any CPU = Release|Any CPU
	EndGlobalSection
	GlobalSection(ProjectConfigurationPlatforms) = postSolution
		{258E2753-AA66-4027-8C78-E7A8E76D3685}.Debug|Any CPU.ActiveCfg = Debug|Any CPU
		{258E2753-AA66-4027-8C78-E7A8E76D3685}.Debug|Any CPU.Build.0 = Debug|Any CPU
		{258E2753-AA66-4027-8C78-E7A8E76D3685}.Release|Any CPU.ActiveCfg = Release|Any CPU
		{258E2753-AA66-4027-8C78-E7A8E76D3685}.Release|Any CPU.Build.0 = Release|Any CPU
	EndGlobalSection
EndGlobal
